{
  "name": "sthreencil",
  "version": "0.0.1",
  "lockfileVersion": 1,
  "requires": true,
  "dependencies": {
    "@stencil/core": {
      "version": "2.5.0",
      "resolved": "https://registry.npmjs.org/@stencil/core/-/core-2.5.0.tgz",
      "integrity": "sha512-gpoYJEYzu5LV2hr7uPZklug3zXhEbYGKyNodPfmOOYZtO9q42l7RQ3cAnC8MzEoF4jFrfemgtevGik8sqn9ClQ=="
    },
    "three": {
      "version": "0.126.1",
      "resolved": "https://registry.npmjs.org/three/-/three-0.126.1.tgz",
      "integrity": "sha512-eOEXnZeE1FDV0XgL1u08auIP13jxdN9LQBAEmlErYzMxtIIfuGIAZbijOyookALUhqVzVOx0Tywj6n192VM+nQ=="
    }
  }
}
